
Microsoft Visual Studio Solution File, Format Version 12.00
# Visual Studio Version 16
VisualStudioVersion = 16.0.30225.117
MinimumVisualStudioVersion = 10.0.40219.1
Project("{FAE04EC0-301F-11D3-BF4B-00C04F79EFBC}") = "exercicio-2-objetos", "exercicio-2-objetos\exercicio-2-objetos.csproj", "{8AFAE1A8-AC5C-478A-A3F2-A7E518DDE1A8}"
EndProject
Global
	GlobalSection(SolutionConfigurationPlatforms) = preSolution
		Debug|Any CPU = Debug|Any CPU
		Release|Any CPU = Release|Any CPU
	EndGlobalSection
	GlobalSection(ProjectConfigurationPlatforms) = postSolution
		{8AFAE1A8-AC5C-478A-A3F2-A7E518DDE1A8}.Debug|Any CPU.ActiveCfg = Debug|Any CPU
		{8AFAE1A8-AC5C-478A-A3F2-A7E518DDE1A8}.Debug|Any CPU.Build.0 = Debug|Any CPU
		{8AFAE1A8-AC5C-478A-A3F2-A7E518DDE1A8}.Release|Any CPU.ActiveCfg = Release|Any CPU
		{8AFAE1A8-AC5C-478A-A3F2-A7E518DDE1A8}.Release|Any CPU.Build.0 = Release|Any CPU
	EndGlobalSection
	GlobalSection(SolutionProperties) = preSolution
		HideSolutionNode = FALSE
	EndGlobalSection
	GlobalSection(ExtensibilityGlobals) = postSolution
		SolutionGuid = {5EB92151-EFA9-4082-9E00-EE1BB95D6130}
	EndGlobalSection
EndGlobal
