
Microsoft Visual Studio Solution File, Format Version 12.00
# Visual Studio Version 16
VisualStudioVersion = 16.0.30517.126
MinimumVisualStudioVersion = 10.0.40219.1
Project("{FAE04EC0-301F-11D3-BF4B-00C04F79EFBC}") = "Produto", "Produto\Produto.csproj", "{D79663E2-9B14-4363-BC8E-53118E35896A}"
EndProject
Global
	GlobalSection(SolutionConfigurationPlatforms) = preSolution
		Debug|Any CPU = Debug|Any CPU
		Release|Any CPU = Release|Any CPU
	EndGlobalSection
	GlobalSection(ProjectConfigurationPlatforms) = postSolution
		{D79663E2-9B14-4363-BC8E-53118E35896A}.Debug|Any CPU.ActiveCfg = Debug|Any CPU
		{D79663E2-9B14-4363-BC8E-53118E35896A}.Debug|Any CPU.Build.0 = Debug|Any CPU
		{D79663E2-9B14-4363-BC8E-53118E35896A}.Release|Any CPU.ActiveCfg = Release|Any CPU
		{D79663E2-9B14-4363-BC8E-53118E35896A}.Release|Any CPU.Build.0 = Release|Any CPU
	EndGlobalSection
	GlobalSection(SolutionProperties) = preSolution
		HideSolutionNode = FALSE
	EndGlobalSection
	GlobalSection(ExtensibilityGlobals) = postSolution
		SolutionGuid = {E64DD789-0697-4BF1-87C1-A6F13FBAA2E3}
	EndGlobalSection
EndGlobal
