
Microsoft Visual Studio Solution File, Format Version 12.00
# Visual Studio Version 16
VisualStudioVersion = 16.0.30225.117
MinimumVisualStudioVersion = 10.0.40219.1
Project("{FAE04EC0-301F-11D3-BF4B-00C04F79EFBC}") = "while", "repeticao4\while.csproj", "{572F0F57-80BC-4C19-8958-501EEB42C6EA}"
EndProject
Project("{FAE04EC0-301F-11D3-BF4B-00C04F79EFBC}") = "for_", "for\for_.csproj", "{9E2B004D-CE61-4805-8B77-AB4BA3E0B62E}"
EndProject
Global
	GlobalSection(SolutionConfigurationPlatforms) = preSolution
		Debug|Any CPU = Debug|Any CPU
		Release|Any CPU = Release|Any CPU
	EndGlobalSection
	GlobalSection(ProjectConfigurationPlatforms) = postSolution
		{572F0F57-80BC-4C19-8958-501EEB42C6EA}.Debug|Any CPU.ActiveCfg = Debug|Any CPU
		{572F0F57-80BC-4C19-8958-501EEB42C6EA}.Debug|Any CPU.Build.0 = Debug|Any CPU
		{572F0F57-80BC-4C19-8958-501EEB42C6EA}.Release|Any CPU.ActiveCfg = Release|Any CPU
		{572F0F57-80BC-4C19-8958-501EEB42C6EA}.Release|Any CPU.Build.0 = Release|Any CPU
		{9E2B004D-CE61-4805-8B77-AB4BA3E0B62E}.Debug|Any CPU.ActiveCfg = Debug|Any CPU
		{9E2B004D-CE61-4805-8B77-AB4BA3E0B62E}.Debug|Any CPU.Build.0 = Debug|Any CPU
		{9E2B004D-CE61-4805-8B77-AB4BA3E0B62E}.Release|Any CPU.ActiveCfg = Release|Any CPU
		{9E2B004D-CE61-4805-8B77-AB4BA3E0B62E}.Release|Any CPU.Build.0 = Release|Any CPU
	EndGlobalSection
	GlobalSection(SolutionProperties) = preSolution
		HideSolutionNode = FALSE
	EndGlobalSection
	GlobalSection(ExtensibilityGlobals) = postSolution
		SolutionGuid = {E25FF21B-87F6-4FC0-89E4-16A24719E390}
	EndGlobalSection
EndGlobal
