
Microsoft Visual Studio Solution File, Format Version 12.00
# Visual Studio Version 16
VisualStudioVersion = 16.0.30517.126
MinimumVisualStudioVersion = 10.0.40219.1
Project("{FAE04EC0-301F-11D3-BF4B-00C04F79EFBC}") = "GerarDigitoEAN", "GerarDigitoEAN\GerarDigitoEAN.csproj", "{475A88ED-39D9-4EF0-911E-CC5D70876231}"
EndProject
Global
	GlobalSection(SolutionConfigurationPlatforms) = preSolution
		Debug|Any CPU = Debug|Any CPU
		Release|Any CPU = Release|Any CPU
	EndGlobalSection
	GlobalSection(ProjectConfigurationPlatforms) = postSolution
		{475A88ED-39D9-4EF0-911E-CC5D70876231}.Debug|Any CPU.ActiveCfg = Debug|Any CPU
		{475A88ED-39D9-4EF0-911E-CC5D70876231}.Debug|Any CPU.Build.0 = Debug|Any CPU
		{475A88ED-39D9-4EF0-911E-CC5D70876231}.Release|Any CPU.ActiveCfg = Release|Any CPU
		{475A88ED-39D9-4EF0-911E-CC5D70876231}.Release|Any CPU.Build.0 = Release|Any CPU
	EndGlobalSection
	GlobalSection(SolutionProperties) = preSolution
		HideSolutionNode = FALSE
	EndGlobalSection
	GlobalSection(ExtensibilityGlobals) = postSolution
		SolutionGuid = {0AEC97E4-5AEC-445A-9C94-9A4A320BBF4C}
	EndGlobalSection
EndGlobal
