
Microsoft Visual Studio Solution File, Format Version 12.00
# Visual Studio Version 16
VisualStudioVersion = 16.0.30128.74
MinimumVisualStudioVersion = 10.0.40219.1
Project("{FAE04EC0-301F-11D3-BF4B-00C04F79EFBC}") = "Course4", "Course4\Course4.csproj", "{E419421C-CC2E-4ED0-9A93-7EEEAF2A8B53}"
EndProject
Project("{FAE04EC0-301F-11D3-BF4B-00C04F79EFBC}") = "Course5", "Course5\Course5.csproj", "{A46ADED4-0524-438F-BBB3-60FEF51FBF4C}"
EndProject
Global
	GlobalSection(SolutionConfigurationPlatforms) = preSolution
		Debug|Any CPU = Debug|Any CPU
		Release|Any CPU = Release|Any CPU
	EndGlobalSection
	GlobalSection(ProjectConfigurationPlatforms) = postSolution
		{E419421C-CC2E-4ED0-9A93-7EEEAF2A8B53}.Debug|Any CPU.ActiveCfg = Debug|Any CPU
		{E419421C-CC2E-4ED0-9A93-7EEEAF2A8B53}.Debug|Any CPU.Build.0 = Debug|Any CPU
		{E419421C-CC2E-4ED0-9A93-7EEEAF2A8B53}.Release|Any CPU.ActiveCfg = Release|Any CPU
		{E419421C-CC2E-4ED0-9A93-7EEEAF2A8B53}.Release|Any CPU.Build.0 = Release|Any CPU
		{A46ADED4-0524-438F-BBB3-60FEF51FBF4C}.Debug|Any CPU.ActiveCfg = Debug|Any CPU
		{A46ADED4-0524-438F-BBB3-60FEF51FBF4C}.Debug|Any CPU.Build.0 = Debug|Any CPU
		{A46ADED4-0524-438F-BBB3-60FEF51FBF4C}.Release|Any CPU.ActiveCfg = Release|Any CPU
		{A46ADED4-0524-438F-BBB3-60FEF51FBF4C}.Release|Any CPU.Build.0 = Release|Any CPU
	EndGlobalSection
	GlobalSection(SolutionProperties) = preSolution
		HideSolutionNode = FALSE
	EndGlobalSection
	GlobalSection(ExtensibilityGlobals) = postSolution
		SolutionGuid = {ED6E3764-DDBB-44B7-A99B-43740817389A}
	EndGlobalSection
EndGlobal
