
Microsoft Visual Studio Solution File, Format Version 12.00
# Visual Studio Version 16
VisualStudioVersion = 16.0.30517.126
MinimumVisualStudioVersion = 10.0.40219.1
Project("{FAE04EC0-301F-11D3-BF4B-00C04F79EFBC}") = "Constutores", "Constutores\Constutores.csproj", "{2E771023-1759-47A3-AFDA-38843806E36B}"
EndProject
Global
	GlobalSection(SolutionConfigurationPlatforms) = preSolution
		Debug|Any CPU = Debug|Any CPU
		Release|Any CPU = Release|Any CPU
	EndGlobalSection
	GlobalSection(ProjectConfigurationPlatforms) = postSolution
		{2E771023-1759-47A3-AFDA-38843806E36B}.Debug|Any CPU.ActiveCfg = Debug|Any CPU
		{2E771023-1759-47A3-AFDA-38843806E36B}.Debug|Any CPU.Build.0 = Debug|Any CPU
		{2E771023-1759-47A3-AFDA-38843806E36B}.Release|Any CPU.ActiveCfg = Release|Any CPU
		{2E771023-1759-47A3-AFDA-38843806E36B}.Release|Any CPU.Build.0 = Release|Any CPU
	EndGlobalSection
	GlobalSection(SolutionProperties) = preSolution
		HideSolutionNode = FALSE
	EndGlobalSection
	GlobalSection(ExtensibilityGlobals) = postSolution
		SolutionGuid = {7A1899F1-434E-4D63-9166-D0829D48C02B}
	EndGlobalSection
EndGlobal
